
Microsoft Visual Studio Solution File, Format Version 12.00
# Visual Studio Version 17
VisualStudioVersion = 17.5.002.0
MinimumVisualStudioVersion = 10.0.40219.1
Project("{9A19103F-16F7-4668-BE54-9A1E7A4F7556}") = "PowerShellTemplate", "PowerShellTemplate.csproj", "{83ED2E08-DF76-473C-BB38-A86ABDD845D3}"
EndProject
Global
	GlobalSection(SolutionConfigurationPlatforms) = preSolution
		Debug|Any CPU = Debug|Any CPU
		Release|Any CPU = Release|Any CPU
	EndGlobalSection
	GlobalSection(ProjectConfigurationPlatforms) = postSolution
		{83ED2E08-DF76-473C-BB38-A86ABDD845D3}.Debug|Any CPU.ActiveCfg = Debug|Any CPU
		{83ED2E08-DF76-473C-BB38-A86ABDD845D3}.Debug|Any CPU.Build.0 = Debug|Any CPU
		{83ED2E08-DF76-473C-BB38-A86ABDD845D3}.Release|Any CPU.ActiveCfg = Release|Any CPU
		{83ED2E08-DF76-473C-BB38-A86ABDD845D3}.Release|Any CPU.Build.0 = Release|Any CPU
	EndGlobalSection
	GlobalSection(SolutionProperties) = preSolution
		HideSolutionNode = FALSE
	EndGlobalSection
	GlobalSection(ExtensibilityGlobals) = postSolution
		SolutionGuid = {0FA463E9-3A6B-43FD-B9E1-C57E95476479}
	EndGlobalSection
EndGlobal
